
Microsoft Visual Studio Solution File, Format Version 12.00
# Visual Studio Version 17
VisualStudioVersion = 17.0.31919.166
MinimumVisualStudioVersion = 10.0.40219.1
Project("{FAE04EC0-301F-11D3-BF4B-00C04F79EFBC}") = "ReadExcelData", "ReadExcelData\ReadExcelData.csproj", "{BE6CAC9C-BC9D-42C4-A9F9-C442087D5D7A}"
EndProject
Global
	GlobalSection(SolutionConfigurationPlatforms) = preSolution
		Debug|Any CPU = Debug|Any CPU
		Release|Any CPU = Release|Any CPU
	EndGlobalSection
	GlobalSection(ProjectConfigurationPlatforms) = postSolution
		{BE6CAC9C-BC9D-42C4-A9F9-C442087D5D7A}.Debug|Any CPU.ActiveCfg = Debug|Any CPU
		{BE6CAC9C-BC9D-42C4-A9F9-C442087D5D7A}.Debug|Any CPU.Build.0 = Debug|Any CPU
		{BE6CAC9C-BC9D-42C4-A9F9-C442087D5D7A}.Release|Any CPU.ActiveCfg = Release|Any CPU
		{BE6CAC9C-BC9D-42C4-A9F9-C442087D5D7A}.Release|Any CPU.Build.0 = Release|Any CPU
	EndGlobalSection
	GlobalSection(SolutionProperties) = preSolution
		HideSolutionNode = FALSE
	EndGlobalSection
	GlobalSection(ExtensibilityGlobals) = postSolution
		SolutionGuid = {3299D503-9E1E-4E6B-A7B0-4797331C59FF}
	EndGlobalSection
EndGlobal
